{
  "requires": true,
  "lockfileVersion": 1,
  "dependencies": {
    "chart.streamgraph.js": {
      "version": "0.0.2-alpha",
      "resolved": "https://registry.npmjs.org/chart.streamgraph.js/-/chart.streamgraph.js-0.0.2-alpha.tgz",
      "integrity": "sha1-s8G8zkpX6pj3W9k+r/YvddHz6DM="
    }
  }
}
